Microsoft Visual Studio Solution File, Format Version 11.00
# Visual Studio 2008

Project("{D9BFD205-8C49-D315-107B-379B66E368FE}") = "dz2311-Database_cor", "Assembly-CSharp.csproj", "{A6D1DA66-30DF-E708-8D08-12A76C6D41B9}"
EndProject
Project("{D9BFD205-8C49-D315-107B-379B66E368FE}") = "dz2311-Database_cor", "Assembly-CSharp-Editor.csproj", "{6B215DC9-62C3-48A2-7F8D-6684BFD7C87F}"
EndProject
Global
	GlobalSection(SolutionConfigurationPlatforms) = preSolution
		Debug|Any CPU = Debug|Any CPU
		Release|Any CPU = Release|Any CPU
	EndGlobalSection
	GlobalSection(ProjectConfigurationPlatforms) = postSolution
		{A6D1DA66-30DF-E708-8D08-12A76C6D41B9}.Debug|Any CPU.ActiveCfg = Debug|Any CPU
		{A6D1DA66-30DF-E708-8D08-12A76C6D41B9}.Debug|Any CPU.Build.0 = Debug|Any CPU
		{A6D1DA66-30DF-E708-8D08-12A76C6D41B9}.Release|Any CPU.ActiveCfg = Release|Any CPU
		{A6D1DA66-30DF-E708-8D08-12A76C6D41B9}.Release|Any CPU.Build.0 = Release|Any CPU
		{6B215DC9-62C3-48A2-7F8D-6684BFD7C87F}.Debug|Any CPU.ActiveCfg = Debug|Any CPU
		{6B215DC9-62C3-48A2-7F8D-6684BFD7C87F}.Debug|Any CPU.Build.0 = Debug|Any CPU
		{6B215DC9-62C3-48A2-7F8D-6684BFD7C87F}.Release|Any CPU.ActiveCfg = Release|Any CPU
		{6B215DC9-62C3-48A2-7F8D-6684BFD7C87F}.Release|Any CPU.Build.0 = Release|Any CPU
	EndGlobalSection
	GlobalSection(SolutionProperties) = preSolution
		HideSolutionNode = FALSE
	EndGlobalSection
	GlobalSection(MonoDevelopProperties) = preSolution
		StartupItem = Assembly-CSharp.csproj
	EndGlobalSection
EndGlobal
