Microsoft Visual Studio Solution File, Format Version 11.00
# Visual Studio 2008

Project("{616FE115-FEF4-69F9-8870-52CA31CC3833}") = "dz2311-Database_cor-master", "Assembly-CSharp.csproj", "{3F374E84-6F23-6810-AA4E-6FCABBB6506C}"
EndProject
Project("{616FE115-FEF4-69F9-8870-52CA31CC3833}") = "dz2311-Database_cor-master", "Assembly-CSharp-Editor.csproj", "{6D520BA2-0ED7-5580-E35F-EDE95C95C953}"
EndProject
Global
	GlobalSection(SolutionConfigurationPlatforms) = preSolution
		Debug|Any CPU = Debug|Any CPU
		Release|Any CPU = Release|Any CPU
	EndGlobalSection
	GlobalSection(ProjectConfigurationPlatforms) = postSolution
		{3F374E84-6F23-6810-AA4E-6FCABBB6506C}.Debug|Any CPU.ActiveCfg = Debug|Any CPU
		{3F374E84-6F23-6810-AA4E-6FCABBB6506C}.Debug|Any CPU.Build.0 = Debug|Any CPU
		{3F374E84-6F23-6810-AA4E-6FCABBB6506C}.Release|Any CPU.ActiveCfg = Release|Any CPU
		{3F374E84-6F23-6810-AA4E-6FCABBB6506C}.Release|Any CPU.Build.0 = Release|Any CPU
		{6D520BA2-0ED7-5580-E35F-EDE95C95C953}.Debug|Any CPU.ActiveCfg = Debug|Any CPU
		{6D520BA2-0ED7-5580-E35F-EDE95C95C953}.Debug|Any CPU.Build.0 = Debug|Any CPU
		{6D520BA2-0ED7-5580-E35F-EDE95C95C953}.Release|Any CPU.ActiveCfg = Release|Any CPU
		{6D520BA2-0ED7-5580-E35F-EDE95C95C953}.Release|Any CPU.Build.0 = Release|Any CPU
	EndGlobalSection
	GlobalSection(SolutionProperties) = preSolution
		HideSolutionNode = FALSE
	EndGlobalSection
	GlobalSection(MonoDevelopProperties) = preSolution
		StartupItem = Assembly-CSharp.csproj
	EndGlobalSection
EndGlobal
