Microsoft Visual Studio Solution File, Format Version 11.00
# Visual Studio 2008

Project("{39C1A6B4-CBC7-A51D-CEC9-30069AE9197C}") = "Super-Bowling-UI", "Assembly-CSharp.csproj", "{EA6E6BE9-69C2-B710-A721-7129178668EA}"
EndProject
Project("{39C1A6B4-CBC7-A51D-CEC9-30069AE9197C}") = "Super-Bowling-UI", "Assembly-CSharp-Editor.csproj", "{6DEC6116-38D2-82EC-24A5-BEB38A32A3AF}"
EndProject
Global
	GlobalSection(SolutionConfigurationPlatforms) = preSolution
		Debug|Any CPU = Debug|Any CPU
		Release|Any CPU = Release|Any CPU
	EndGlobalSection
	GlobalSection(ProjectConfigurationPlatforms) = postSolution
		{EA6E6BE9-69C2-B710-A721-7129178668EA}.Debug|Any CPU.ActiveCfg = Debug|Any CPU
		{EA6E6BE9-69C2-B710-A721-7129178668EA}.Debug|Any CPU.Build.0 = Debug|Any CPU
		{EA6E6BE9-69C2-B710-A721-7129178668EA}.Release|Any CPU.ActiveCfg = Release|Any CPU
		{EA6E6BE9-69C2-B710-A721-7129178668EA}.Release|Any CPU.Build.0 = Release|Any CPU
		{6DEC6116-38D2-82EC-24A5-BEB38A32A3AF}.Debug|Any CPU.ActiveCfg = Debug|Any CPU
		{6DEC6116-38D2-82EC-24A5-BEB38A32A3AF}.Debug|Any CPU.Build.0 = Debug|Any CPU
		{6DEC6116-38D2-82EC-24A5-BEB38A32A3AF}.Release|Any CPU.ActiveCfg = Release|Any CPU
		{6DEC6116-38D2-82EC-24A5-BEB38A32A3AF}.Release|Any CPU.Build.0 = Release|Any CPU
	EndGlobalSection
	GlobalSection(SolutionProperties) = preSolution
		HideSolutionNode = FALSE
	EndGlobalSection
	GlobalSection(MonoDevelopProperties) = preSolution
		StartupItem = Assembly-CSharp.csproj
	EndGlobalSection
EndGlobal
