Microsoft Visual Studio Solution File, Format Version 11.00
# Visual Studio 2008

Project("{A3B3E318-26B5-E902-7F1D-E0077B7144DC}") = "UI_1", "Assembly-CSharp.csproj", "{43F8659A-4266-F80C-A06E-8FB109DA13F5}"
EndProject
Global
	GlobalSection(SolutionConfigurationPlatforms) = preSolution
		Debug|Any CPU = Debug|Any CPU
		Release|Any CPU = Release|Any CPU
	EndGlobalSection
	GlobalSection(ProjectConfigurationPlatforms) = postSolution
		{43F8659A-4266-F80C-A06E-8FB109DA13F5}.Debug|Any CPU.ActiveCfg = Debug|Any CPU
		{43F8659A-4266-F80C-A06E-8FB109DA13F5}.Debug|Any CPU.Build.0 = Debug|Any CPU
		{43F8659A-4266-F80C-A06E-8FB109DA13F5}.Release|Any CPU.ActiveCfg = Release|Any CPU
		{43F8659A-4266-F80C-A06E-8FB109DA13F5}.Release|Any CPU.Build.0 = Release|Any CPU
	EndGlobalSection
	GlobalSection(SolutionProperties) = preSolution
		HideSolutionNode = FALSE
	EndGlobalSection
	GlobalSection(MonoDevelopProperties) = preSolution
		StartupItem = Assembly-CSharp.csproj
	EndGlobalSection
EndGlobal
